
Microsoft Visual Studio Solution File, Format Version 12.00
# Visual Studio Version 17
VisualStudioVersion = 17.0.31903.59
MinimumVisualStudioVersion = 10.0.40219.1
Project("{2150E333-8FDC-42A3-9474-1A3956D46DE8}") = "src", "src", "{AB405A6F-F7DE-4F59-B481-112723527768}"
EndProject
Project("{FAE04EC0-301F-11D3-BF4B-00C04F79EFBC}") = "netcore-desktop", "src\desktop\netcore-desktop.csproj", "{20EF5002-B524-4322-8328-CA1AF8A14F98}"
EndProject
Project("{2150E333-8FDC-42A3-9474-1A3956D46DE8}") = "examples", "examples", "{F36CFB4B-4424-437A-805D-06A6863DDE95}"
EndProject
Project("{FAE04EC0-301F-11D3-BF4B-00C04F79EFBC}") = "example-0001", "examples\example-0001\example-0001.csproj", "{77038A0F-F2D9-4BDE-9E55-A05219AE6BEA}"
EndProject
Project("{FAE04EC0-301F-11D3-BF4B-00C04F79EFBC}") = "example-0002", "examples\example-0002\example-0002.csproj", "{2CE94C1D-F418-4326-B83B-6A970A15CC1B}"
EndProject
Project("{FAE04EC0-301F-11D3-BF4B-00C04F79EFBC}") = "example-0003", "examples\example-0003\example-0003.csproj", "{9263C1D3-ABC1-496E-8EB0-5CA3C02D4D99}"
EndProject
Global
	GlobalSection(SolutionConfigurationPlatforms) = preSolution
		Debug|Any CPU = Debug|Any CPU
		Release|Any CPU = Release|Any CPU
	EndGlobalSection
	GlobalSection(SolutionProperties) = preSolution
		HideSolutionNode = FALSE
	EndGlobalSection
	GlobalSection(ProjectConfigurationPlatforms) = postSolution
		{20EF5002-B524-4322-8328-CA1AF8A14F98}.Debug|Any CPU.ActiveCfg = Debug|Any CPU
		{20EF5002-B524-4322-8328-CA1AF8A14F98}.Debug|Any CPU.Build.0 = Debug|Any CPU
		{20EF5002-B524-4322-8328-CA1AF8A14F98}.Release|Any CPU.ActiveCfg = Release|Any CPU
		{20EF5002-B524-4322-8328-CA1AF8A14F98}.Release|Any CPU.Build.0 = Release|Any CPU
		{77038A0F-F2D9-4BDE-9E55-A05219AE6BEA}.Debug|Any CPU.ActiveCfg = Debug|Any CPU
		{77038A0F-F2D9-4BDE-9E55-A05219AE6BEA}.Debug|Any CPU.Build.0 = Debug|Any CPU
		{77038A0F-F2D9-4BDE-9E55-A05219AE6BEA}.Release|Any CPU.ActiveCfg = Release|Any CPU
		{77038A0F-F2D9-4BDE-9E55-A05219AE6BEA}.Release|Any CPU.Build.0 = Release|Any CPU
		{2CE94C1D-F418-4326-B83B-6A970A15CC1B}.Debug|Any CPU.ActiveCfg = Debug|Any CPU
		{2CE94C1D-F418-4326-B83B-6A970A15CC1B}.Debug|Any CPU.Build.0 = Debug|Any CPU
		{2CE94C1D-F418-4326-B83B-6A970A15CC1B}.Release|Any CPU.ActiveCfg = Release|Any CPU
		{2CE94C1D-F418-4326-B83B-6A970A15CC1B}.Release|Any CPU.Build.0 = Release|Any CPU
		{9263C1D3-ABC1-496E-8EB0-5CA3C02D4D99}.Debug|Any CPU.ActiveCfg = Debug|Any CPU
		{9263C1D3-ABC1-496E-8EB0-5CA3C02D4D99}.Debug|Any CPU.Build.0 = Debug|Any CPU
		{9263C1D3-ABC1-496E-8EB0-5CA3C02D4D99}.Release|Any CPU.ActiveCfg = Release|Any CPU
		{9263C1D3-ABC1-496E-8EB0-5CA3C02D4D99}.Release|Any CPU.Build.0 = Release|Any CPU
	EndGlobalSection
	GlobalSection(NestedProjects) = preSolution
		{20EF5002-B524-4322-8328-CA1AF8A14F98} = {AB405A6F-F7DE-4F59-B481-112723527768}
		{77038A0F-F2D9-4BDE-9E55-A05219AE6BEA} = {F36CFB4B-4424-437A-805D-06A6863DDE95}
		{2CE94C1D-F418-4326-B83B-6A970A15CC1B} = {F36CFB4B-4424-437A-805D-06A6863DDE95}
		{9263C1D3-ABC1-496E-8EB0-5CA3C02D4D99} = {F36CFB4B-4424-437A-805D-06A6863DDE95}
	EndGlobalSection
EndGlobal
